
Microsoft Visual Studio Solution File, Format Version 12.00
# Visual Studio Version 17
VisualStudioVersion = 17.14.36109.1
MinimumVisualStudioVersion = 10.0.40219.1
Project("{2150E333-8FDC-42A3-9474-1A3956D46DE8}") = "src", "src", "{02EA681E-C7D8-13C7-8484-4AC65E1B71E8}"
EndProject
Project("{FAE04EC0-301F-11D3-BF4B-00C04F79EFBC}") = "Application", "Application\Application.csproj", "{6FB5D1E3-53FE-410C-B6A9-EE67A710D5C5}"
EndProject
Project("{FAE04EC0-301F-11D3-BF4B-00C04F79EFBC}") = "Domain", "Domain\Domain.csproj", "{19ED640C-7E5B-4050-A54E-37A1FBA5C163}"
EndProject
Project("{FAE04EC0-301F-11D3-BF4B-00C04F79EFBC}") = "Infrastructure", "Infrastructure\Infrastructure.csproj", "{E3ECDE38-E151-4C1C-9C42-B9930E97429A}"
EndProject
Project("{FAE04EC0-301F-11D3-BF4B-00C04F79EFBC}") = "API", "API\API.csproj", "{ED2B015B-68E8-46CB-9466-372CA4A2ED1C}"
EndProject
Project("{2150E333-8FDC-42A3-9474-1A3956D46DE8}") = "tests", "tests", "{914F738E-7214-4CBC-8A95-2D3861A2B557}"
EndProject
Project("{FAE04EC0-301F-11D3-BF4B-00C04F79EFBC}") = "UnitTests", "UnitTests\UnitTests.csproj", "{2984BBE5-7F3E-4A5E-96AD-9DC4476E8E40}"
EndProject
Global
	GlobalSection(SolutionConfigurationPlatforms) = preSolution
		Debug|Any CPU = Debug|Any CPU
		Release|Any CPU = Release|Any CPU
	EndGlobalSection
	GlobalSection(ProjectConfigurationPlatforms) = postSolution
		{6FB5D1E3-53FE-410C-B6A9-EE67A710D5C5}.Debug|Any CPU.ActiveCfg = Debug|Any CPU
		{6FB5D1E3-53FE-410C-B6A9-EE67A710D5C5}.Debug|Any CPU.Build.0 = Debug|Any CPU
		{6FB5D1E3-53FE-410C-B6A9-EE67A710D5C5}.Release|Any CPU.ActiveCfg = Release|Any CPU
		{6FB5D1E3-53FE-410C-B6A9-EE67A710D5C5}.Release|Any CPU.Build.0 = Release|Any CPU
		{19ED640C-7E5B-4050-A54E-37A1FBA5C163}.Debug|Any CPU.ActiveCfg = Debug|Any CPU
		{19ED640C-7E5B-4050-A54E-37A1FBA5C163}.Debug|Any CPU.Build.0 = Debug|Any CPU
		{19ED640C-7E5B-4050-A54E-37A1FBA5C163}.Release|Any CPU.ActiveCfg = Release|Any CPU
		{19ED640C-7E5B-4050-A54E-37A1FBA5C163}.Release|Any CPU.Build.0 = Release|Any CPU
		{E3ECDE38-E151-4C1C-9C42-B9930E97429A}.Debug|Any CPU.ActiveCfg = Debug|Any CPU
		{E3ECDE38-E151-4C1C-9C42-B9930E97429A}.Debug|Any CPU.Build.0 = Debug|Any CPU
		{E3ECDE38-E151-4C1C-9C42-B9930E97429A}.Release|Any CPU.ActiveCfg = Release|Any CPU
		{E3ECDE38-E151-4C1C-9C42-B9930E97429A}.Release|Any CPU.Build.0 = Release|Any CPU
		{ED2B015B-68E8-46CB-9466-372CA4A2ED1C}.Debug|Any CPU.ActiveCfg = Debug|Any CPU
		{ED2B015B-68E8-46CB-9466-372CA4A2ED1C}.Debug|Any CPU.Build.0 = Debug|Any CPU
		{ED2B015B-68E8-46CB-9466-372CA4A2ED1C}.Release|Any CPU.ActiveCfg = Release|Any CPU
		{ED2B015B-68E8-46CB-9466-372CA4A2ED1C}.Release|Any CPU.Build.0 = Release|Any CPU
		{2984BBE5-7F3E-4A5E-96AD-9DC4476E8E40}.Debug|Any CPU.ActiveCfg = Debug|Any CPU
		{2984BBE5-7F3E-4A5E-96AD-9DC4476E8E40}.Debug|Any CPU.Build.0 = Debug|Any CPU
		{2984BBE5-7F3E-4A5E-96AD-9DC4476E8E40}.Release|Any CPU.ActiveCfg = Release|Any CPU
		{2984BBE5-7F3E-4A5E-96AD-9DC4476E8E40}.Release|Any CPU.Build.0 = Release|Any CPU
	EndGlobalSection
	GlobalSection(SolutionProperties) = preSolution
		HideSolutionNode = FALSE
	EndGlobalSection
	GlobalSection(NestedProjects) = preSolution
		{6FB5D1E3-53FE-410C-B6A9-EE67A710D5C5} = {02EA681E-C7D8-13C7-8484-4AC65E1B71E8}
		{19ED640C-7E5B-4050-A54E-37A1FBA5C163} = {02EA681E-C7D8-13C7-8484-4AC65E1B71E8}
		{E3ECDE38-E151-4C1C-9C42-B9930E97429A} = {02EA681E-C7D8-13C7-8484-4AC65E1B71E8}
		{ED2B015B-68E8-46CB-9466-372CA4A2ED1C} = {02EA681E-C7D8-13C7-8484-4AC65E1B71E8}
		{2984BBE5-7F3E-4A5E-96AD-9DC4476E8E40} = {914F738E-7214-4CBC-8A95-2D3861A2B557}
	EndGlobalSection
	GlobalSection(ExtensibilityGlobals) = postSolution
		SolutionGuid = {5A772A22-F73E-48A4-8D2E-96383BF0D83F}
	EndGlobalSection
EndGlobal
